
Microsoft Visual Studio Solution File, Format Version 12.00
# Visual Studio 2013
VisualStudioVersion = 12.0.21005.1
MinimumVisualStudioVersion = 10.0.40219.1
Project("{FAE04EC0-301F-11D3-BF4B-00C04F79EFBC}") = "WcfNotification", "WcfNotification\WcfNotification.csproj", "{821AF254-CE86-4FDB-9078-FC27FB67DE4A}"
EndProject
Project("{FAE04EC0-301F-11D3-BF4B-00C04F79EFBC}") = "WcfClient", "WcfClient\WcfClient.csproj", "{F5B8B285-313E-42EF-B5EB-1F891E7A927E}"
	ProjectSection(ProjectDependencies) = postProject
		{821AF254-CE86-4FDB-9078-FC27FB67DE4A} = {821AF254-CE86-4FDB-9078-FC27FB67DE4A}
	EndProjectSection
EndProject
Global
	GlobalSection(SolutionConfigurationPlatforms) = preSolution
		Debug|Any CPU = Debug|Any CPU
		Release|Any CPU = Release|Any CPU
	EndGlobalSection
	GlobalSection(ProjectConfigurationPlatforms) = postSolution
		{821AF254-CE86-4FDB-9078-FC27FB67DE4A}.Debug|Any CPU.ActiveCfg = Debug|Any CPU
		{821AF254-CE86-4FDB-9078-FC27FB67DE4A}.Debug|Any CPU.Build.0 = Debug|Any CPU
		{821AF254-CE86-4FDB-9078-FC27FB67DE4A}.Release|Any CPU.ActiveCfg = Release|Any CPU
		{821AF254-CE86-4FDB-9078-FC27FB67DE4A}.Release|Any CPU.Build.0 = Release|Any CPU
		{F5B8B285-313E-42EF-B5EB-1F891E7A927E}.Debug|Any CPU.ActiveCfg = Debug|Any CPU
		{F5B8B285-313E-42EF-B5EB-1F891E7A927E}.Debug|Any CPU.Build.0 = Debug|Any CPU
		{F5B8B285-313E-42EF-B5EB-1F891E7A927E}.Release|Any CPU.ActiveCfg = Release|Any CPU
		{F5B8B285-313E-42EF-B5EB-1F891E7A927E}.Release|Any CPU.Build.0 = Release|Any CPU
	EndGlobalSection
	GlobalSection(SolutionProperties) = preSolution
		HideSolutionNode = FALSE
	EndGlobalSection
EndGlobal
